
Microsoft Visual Studio Solution File, Format Version 12.00
# Visual Studio Version 17
VisualStudioVersion = 17.14.36121.58
MinimumVisualStudioVersion = 10.0.40219.1
Project("{F184B08F-C81C-45F6-A57F-5ABD9991F28F}") = "pSitemapCrawler", "pSitemapCrawler\pSitemapCrawler.vbproj", "{94D6E8F8-7CD7-48A9-88BA-895173B1DFCE}"
EndProject
Project("{F184B08F-C81C-45F6-A57F-5ABD9991F28F}") = "pSitemapGuesser", "pSitemapGuesser\pSitemapGuesser.vbproj", "{D9D26854-8ADA-42E6-9EBE-9627A2F2DE41}"
EndProject
Global
	GlobalSection(SolutionConfigurationPlatforms) = preSolution
		Debug|Any CPU = Debug|Any CPU
		Release|Any CPU = Release|Any CPU
	EndGlobalSection
	GlobalSection(ProjectConfigurationPlatforms) = postSolution
		{94D6E8F8-7CD7-48A9-88BA-895173B1DFCE}.Debug|Any CPU.ActiveCfg = Debug|Any CPU
		{94D6E8F8-7CD7-48A9-88BA-895173B1DFCE}.Debug|Any CPU.Build.0 = Debug|Any CPU
		{94D6E8F8-7CD7-48A9-88BA-895173B1DFCE}.Release|Any CPU.ActiveCfg = Release|Any CPU
		{94D6E8F8-7CD7-48A9-88BA-895173B1DFCE}.Release|Any CPU.Build.0 = Release|Any CPU
		{D9D26854-8ADA-42E6-9EBE-9627A2F2DE41}.Debug|Any CPU.ActiveCfg = Debug|Any CPU
		{D9D26854-8ADA-42E6-9EBE-9627A2F2DE41}.Debug|Any CPU.Build.0 = Debug|Any CPU
		{D9D26854-8ADA-42E6-9EBE-9627A2F2DE41}.Release|Any CPU.ActiveCfg = Release|Any CPU
		{D9D26854-8ADA-42E6-9EBE-9627A2F2DE41}.Release|Any CPU.Build.0 = Release|Any CPU
	EndGlobalSection
	GlobalSection(SolutionProperties) = preSolution
		HideSolutionNode = FALSE
	EndGlobalSection
	GlobalSection(ExtensibilityGlobals) = postSolution
		SolutionGuid = {3AD18AD6-F280-4AAA-B5EA-8BBE4575C6FA}
	EndGlobalSection
EndGlobal
